
Microsoft Visual Studio Solution File, Format Version 12.00
# Visual Studio Version 17
VisualStudioVersion = 17.2.32505.173
MinimumVisualStudioVersion = 10.0.40219.1
Project("{2150E333-8FDC-42A3-9474-1A3956D46DE8}") = "Server", "Server", "{148D7112-168D-4239-B579-0321598D330B}"
EndProject
Project("{FAE04EC0-301F-11D3-BF4B-00C04F79EFBC}") = "PatientInformationSystem.Server.WebAPI", "Server\PatientInformationSystem.Server.WebAPI\PatientInformationSystem.Server.WebAPI.csproj", "{C8240E25-1FD5-4297-A9E2-1E15A90EE7C4}"
EndProject
Project("{FAE04EC0-301F-11D3-BF4B-00C04F79EFBC}") = "PatientInformationSystem.Server.Application", "Server\PatientInformationSystem.Server.Application\PatientInformationSystem.Server.Application.csproj", "{A496D33E-DCF2-4F03-9E53-C08400D89283}"
EndProject
Project("{2150E333-8FDC-42A3-9474-1A3956D46DE8}") = "Client", "Client", "{4A58E79D-0ADB-440C-9F30-1EFAF41823BE}"
EndProject
Project("{2150E333-8FDC-42A3-9474-1A3956D46DE8}") = "WPF", "WPF", "{1D72899E-32B6-468C-AF5D-ACB986400FED}"
EndProject
Project("{FAE04EC0-301F-11D3-BF4B-00C04F79EFBC}") = "PatientInformationSystem.Client.WPF.PrismApp", "Client\WPF\PatientInformationSystem.Client.WPF.PrismApp\PatientInformationSystem.Client.WPF.PrismApp.csproj", "{EF144862-844D-4E43-8BC5-340B37BF92C4}"
EndProject
Project("{2150E333-8FDC-42A3-9474-1A3956D46DE8}") = "Modules", "Modules", "{53ECAA15-D65B-4842-A050-BAAE39F5E319}"
EndProject
Project("{FAE04EC0-301F-11D3-BF4B-00C04F79EFBC}") = "PatientInformationSystem.Client.WPF.Modules.Login", "Client\WPF\Modules\PatientInformationSystem.Client.WPF.Modules.Login\PatientInformationSystem.Client.WPF.Modules.Login.csproj", "{5533E79A-A119-416B-A759-B7BF6A04CDE2}"
EndProject
Project("{FAE04EC0-301F-11D3-BF4B-00C04F79EFBC}") = "PatientInformationSystem.Server.Domain", "Server\PatientInformationSystem.Server.Domain\PatientInformationSystem.Server.Domain.csproj", "{0BC8DB35-FA55-4A3A-8EE5-80E8CEFF5FD7}"
EndProject
Project("{FAE04EC0-301F-11D3-BF4B-00C04F79EFBC}") = "PatientInformationSystem.Server.MockServices", "Server\PatientInformationSystem.Server.MockServices\PatientInformationSystem.Server.MockServices.csproj", "{CE92156D-E9A4-47A4-9847-39DD870C34C0}"
EndProject
Global
	GlobalSection(SolutionConfigurationPlatforms) = preSolution
		Debug|Any CPU = Debug|Any CPU
		Release|Any CPU = Release|Any CPU
	EndGlobalSection
	GlobalSection(ProjectConfigurationPlatforms) = postSolution
		{C8240E25-1FD5-4297-A9E2-1E15A90EE7C4}.Debug|Any CPU.ActiveCfg = Debug|Any CPU
		{C8240E25-1FD5-4297-A9E2-1E15A90EE7C4}.Debug|Any CPU.Build.0 = Debug|Any CPU
		{C8240E25-1FD5-4297-A9E2-1E15A90EE7C4}.Release|Any CPU.ActiveCfg = Release|Any CPU
		{C8240E25-1FD5-4297-A9E2-1E15A90EE7C4}.Release|Any CPU.Build.0 = Release|Any CPU
		{A496D33E-DCF2-4F03-9E53-C08400D89283}.Debug|Any CPU.ActiveCfg = Debug|Any CPU
		{A496D33E-DCF2-4F03-9E53-C08400D89283}.Debug|Any CPU.Build.0 = Debug|Any CPU
		{A496D33E-DCF2-4F03-9E53-C08400D89283}.Release|Any CPU.ActiveCfg = Release|Any CPU
		{A496D33E-DCF2-4F03-9E53-C08400D89283}.Release|Any CPU.Build.0 = Release|Any CPU
		{EF144862-844D-4E43-8BC5-340B37BF92C4}.Debug|Any CPU.ActiveCfg = Debug|Any CPU
		{EF144862-844D-4E43-8BC5-340B37BF92C4}.Debug|Any CPU.Build.0 = Debug|Any CPU
		{EF144862-844D-4E43-8BC5-340B37BF92C4}.Release|Any CPU.ActiveCfg = Release|Any CPU
		{EF144862-844D-4E43-8BC5-340B37BF92C4}.Release|Any CPU.Build.0 = Release|Any CPU
		{5533E79A-A119-416B-A759-B7BF6A04CDE2}.Debug|Any CPU.ActiveCfg = Debug|Any CPU
		{5533E79A-A119-416B-A759-B7BF6A04CDE2}.Debug|Any CPU.Build.0 = Debug|Any CPU
		{5533E79A-A119-416B-A759-B7BF6A04CDE2}.Release|Any CPU.ActiveCfg = Release|Any CPU
		{5533E79A-A119-416B-A759-B7BF6A04CDE2}.Release|Any CPU.Build.0 = Release|Any CPU
		{0BC8DB35-FA55-4A3A-8EE5-80E8CEFF5FD7}.Debug|Any CPU.ActiveCfg = Debug|Any CPU
		{0BC8DB35-FA55-4A3A-8EE5-80E8CEFF5FD7}.Debug|Any CPU.Build.0 = Debug|Any CPU
		{0BC8DB35-FA55-4A3A-8EE5-80E8CEFF5FD7}.Release|Any CPU.ActiveCfg = Release|Any CPU
		{0BC8DB35-FA55-4A3A-8EE5-80E8CEFF5FD7}.Release|Any CPU.Build.0 = Release|Any CPU
		{CE92156D-E9A4-47A4-9847-39DD870C34C0}.Debug|Any CPU.ActiveCfg = Debug|Any CPU
		{CE92156D-E9A4-47A4-9847-39DD870C34C0}.Debug|Any CPU.Build.0 = Debug|Any CPU
		{CE92156D-E9A4-47A4-9847-39DD870C34C0}.Release|Any CPU.ActiveCfg = Release|Any CPU
		{CE92156D-E9A4-47A4-9847-39DD870C34C0}.Release|Any CPU.Build.0 = Release|Any CPU
	EndGlobalSection
	GlobalSection(SolutionProperties) = preSolution
		HideSolutionNode = FALSE
	EndGlobalSection
	GlobalSection(NestedProjects) = preSolution
		{C8240E25-1FD5-4297-A9E2-1E15A90EE7C4} = {148D7112-168D-4239-B579-0321598D330B}
		{A496D33E-DCF2-4F03-9E53-C08400D89283} = {148D7112-168D-4239-B579-0321598D330B}
		{1D72899E-32B6-468C-AF5D-ACB986400FED} = {4A58E79D-0ADB-440C-9F30-1EFAF41823BE}
		{EF144862-844D-4E43-8BC5-340B37BF92C4} = {1D72899E-32B6-468C-AF5D-ACB986400FED}
		{53ECAA15-D65B-4842-A050-BAAE39F5E319} = {1D72899E-32B6-468C-AF5D-ACB986400FED}
		{5533E79A-A119-416B-A759-B7BF6A04CDE2} = {53ECAA15-D65B-4842-A050-BAAE39F5E319}
		{0BC8DB35-FA55-4A3A-8EE5-80E8CEFF5FD7} = {148D7112-168D-4239-B579-0321598D330B}
		{CE92156D-E9A4-47A4-9847-39DD870C34C0} = {148D7112-168D-4239-B579-0321598D330B}
	EndGlobalSection
	GlobalSection(ExtensibilityGlobals) = postSolution
		SolutionGuid = {72C76877-3876-43A3-B528-257EC4334720}
	EndGlobalSection
EndGlobal
